// !$*UTF8*$!
{
	archiveVersion = 1;
	classes = {
	};
	objectVersion = 51;
	objects = {

/* Begin PBXBuildFile section */
		094E97D55C43CCEF701D55B0 /* Pods_SwipeMatchFirestore.framework in Frameworks */ = {isa = PBXBuildFile; fileRef = 8A80F49EFBA6C3FF2E3DE384 /* Pods_SwipeMatchFirestore.framework */; };
		6F15140E243CE3A900261221 /* CustomTextField.swift in Sources */ = {isa = PBXBuildFile; fileRef = 6F15140D243CE3A900261221 /* CustomTextField.swift */; };
		6F151410243E011C00261221 /* RegistrationViewModel.swift in Sources */ = {isa = PBXBuildFile; fileRef = 6F15140F243E011C00261221 /* RegistrationViewModel.swift */; };
		6F4CA499243E1F5000A54EFC /* GoogleService-Info.plist in Resources */ = {isa = PBXBuildFile; fileRef = 6F4CA498243E1F5000A54EFC /* GoogleService-Info.plist */; };
		6F4CA49B243E28F400A54EFC /* Bindable.swift in Sources */ = {isa = PBXBuildFile; fileRef = 6F4CA49A243E28F400A54EFC /* Bindable.swift */; };
		6F4CA49D243F8ED100A54EFC /* SettingsController.swift in Sources */ = {isa = PBXBuildFile; fileRef = 6F4CA49C243F8ED100A54EFC /* SettingsController.swift */; };
		6F4CA49F243FA04200A54EFC /* SettingsCell.swift in Sources */ = {isa = PBXBuildFile; fileRef = 6F4CA49E243FA04200A54EFC /* SettingsCell.swift */; };
		6F4CA4A124447A2D00A54EFC /* AgeRangeCell.swift in Sources */ = {isa = PBXBuildFile; fileRef = 6F4CA4A024447A2D00A54EFC /* AgeRangeCell.swift */; };
		6F4CA4A32444BD5900A54EFC /* FirebaseUtilities.swift in Sources */ = {isa = PBXBuildFile; fileRef = 6F4CA4A22444BD5900A54EFC /* FirebaseUtilities.swift */; };
		6F4CA4A52444C58100A54EFC /* LoginController.swift in Sources */ = {isa = PBXBuildFile; fileRef = 6F4CA4A42444C58100A54EFC /* LoginController.swift */; };
		6F4CA4A72444C59000A54EFC /* LoginViewModel.swift in Sources */ = {isa = PBXBuildFile; fileRef = 6F4CA4A62444C59000A54EFC /* LoginViewModel.swift */; };
		6F526DA624461801001891CE /* UserDetailsController.swift in Sources */ = {isa = PBXBuildFile; fileRef = 6F526DA524461801001891CE /* UserDetailsController.swift */; };
		6F526DA824488A46001891CE /* SwipingPhotosController.swift in Sources */ = {isa = PBXBuildFile; fileRef = 6F526DA724488A46001891CE /* SwipingPhotosController.swift */; };
		6FA00F532438BDFB00A5B2F1 /* AppDelegate.swift in Sources */ = {isa = PBXBuildFile; fileRef = 6FA00F522438BDFB00A5B2F1 /* AppDelegate.swift */; };
		6FA00F552438BDFB00A5B2F1 /* SceneDelegate.swift in Sources */ = {isa = PBXBuildFile; fileRef = 6FA00F542438BDFB00A5B2F1 /* SceneDelegate.swift */; };
		6FA00F572438BDFB00A5B2F1 /* HomeController.swift in Sources */ = {isa = PBXBuildFile; fileRef = 6FA00F562438BDFB00A5B2F1 /* HomeController.swift */; };
		6FA00F5A2438BDFB00A5B2F1 /* Main.storyboard in Resources */ = {isa = PBXBuildFile; fileRef = 6FA00F582438BDFB00A5B2F1 /* Main.storyboard */; };
		6FA00F5F2438BDFC00A5B2F1 /* LaunchScreen.storyboard in Resources */ = {isa = PBXBuildFile; fileRef = 6FA00F5D2438BDFC00A5B2F1 /* LaunchScreen.storyboard */; };
		6FA00F682438C07A00A5B2F1 /* Extensions+UIView.swift in Sources */ = {isa = PBXBuildFile; fileRef = 6FA00F672438C07A00A5B2F1 /* Extensions+UIView.swift */; };
		6FA00F6B243A115F00A5B2F1 /* HomeBottomControlsStackView.swift in Sources */ = {isa = PBXBuildFile; fileRef = 6FA00F6A243A115F00A5B2F1 /* HomeBottomControlsStackView.swift */; };
		6FA00F6D243A163700A5B2F1 /* TopNavigationStackView.swift in Sources */ = {isa = PBXBuildFile; fileRef = 6FA00F6C243A163700A5B2F1 /* TopNavigationStackView.swift */; };
		6FA00F6F243A454A00A5B2F1 /* CardView.swift in Sources */ = {isa = PBXBuildFile; fileRef = 6FA00F6E243A454A00A5B2F1 /* CardView.swift */; };
		6FA00F72243B5C9C00A5B2F1 /* User.swift in Sources */ = {isa = PBXBuildFile; fileRef = 6FA00F71243B5C9C00A5B2F1 /* User.swift */; };
		6FA00F76243B858600A5B2F1 /* CardViewModel.swift in Sources */ = {isa = PBXBuildFile; fileRef = 6FA00F75243B858600A5B2F1 /* CardViewModel.swift */; };
		6FA00F78243B94F400A5B2F1 /* Advertiser.swift in Sources */ = {isa = PBXBuildFile; fileRef = 6FA00F77243B94F400A5B2F1 /* Advertiser.swift */; };
		6FA00F7A243B979400A5B2F1 /* Assets.xcassets.xcassets in Resources */ = {isa = PBXBuildFile; fileRef = 6FA00F79243B979400A5B2F1 /* Assets.xcassets.xcassets */; };
		6FA00F7C243CDCEF00A5B2F1 /* RegistrationController.swift in Sources */ = {isa = PBXBuildFile; fileRef = 6FA00F7B243CDCEF00A5B2F1 /* RegistrationController.swift */; };
/* End PBXBuildFile section */

/* Begin PBXFileReference section */
		09C0D920BE04D02298129312 /* Pods-SwipeMatchFirestore.debug.xcconfig */ = {isa = PBXFileReference; includeInIndex = 1; lastKnownFileType = text.xcconfig; name = "Pods-SwipeMatchFirestore.debug.xcconfig"; path = "Target Support Files/Pods-SwipeMatchFirestore/Pods-SwipeMatchFirestore.debug.xcconfig"; sourceTree = "<group>"; };
		6F15140D243CE3A900261221 /* CustomTextField.swift */ = {isa = PBXFileReference; lastKnownFileType = sourcecode.swift; path = CustomTextField.swift; sourceTree = "<group>"; };
		6F15140F243E011C00261221 /* RegistrationViewModel.swift */ = {isa = PBXFileReference; lastKnownFileType = sourcecode.swift; path = RegistrationViewModel.swift; sourceTree = "<group>"; };
		6F4CA498243E1F5000A54EFC /* GoogleService-Info.plist */ = {isa = PBXFileReference; fileEncoding = 4; lastKnownFileType = text.plist.xml; path = "GoogleService-Info.plist"; sourceTree = "<group>"; };
		6F4CA49A243E28F400A54EFC /* Bindable.swift */ = {isa = PBXFileReference; lastKnownFileType = sourcecode.swift; path = Bindable.swift; sourceTree = "<group>"; };
		6F4CA49C243F8ED100A54EFC /* SettingsController.swift */ = {isa = PBXFileReference; lastKnownFileType = sourcecode.swift; path = SettingsController.swift; sourceTree = "<group>"; };
		6F4CA49E243FA04200A54EFC /* SettingsCell.swift */ = {isa = PBXFileReference; lastKnownFileType = sourcecode.swift; path = SettingsCell.swift; sourceTree = "<group>"; };
		6F4CA4A024447A2D00A54EFC /* AgeRangeCell.swift */ = {isa = PBXFileReference; lastKnownFileType = sourcecode.swift; path = AgeRangeCell.swift; sourceTree = "<group>"; };
		6F4CA4A22444BD5900A54EFC /* FirebaseUtilities.swift */ = {isa = PBXFileReference; lastKnownFileType = sourcecode.swift; path = FirebaseUtilities.swift; sourceTree = "<group>"; };
		6F4CA4A42444C58100A54EFC /* LoginController.swift */ = {isa = PBXFileReference; fileEncoding = 4; lastKnownFileType = sourcecode.swift; path = LoginController.swift; sourceTree = "<group>"; };
		6F4CA4A62444C59000A54EFC /* LoginViewModel.swift */ = {isa = PBXFileReference; fileEncoding = 4; lastKnownFileType = sourcecode.swift; path = LoginViewModel.swift; sourceTree = "<group>"; };
		6F526DA524461801001891CE /* UserDetailsController.swift */ = {isa = PBXFileReference; lastKnownFileType = sourcecode.swift; path = UserDetailsController.swift; sourceTree = "<group>"; };
		6F526DA724488A46001891CE /* SwipingPhotosController.swift */ = {isa = PBXFileReference; lastKnownFileType = sourcecode.swift; path = SwipingPhotosController.swift; sourceTree = "<group>"; };
		6FA00F4F2438BDFB00A5B2F1 /* SwipeMatchFirestore.app */ = {isa = PBXFileReference; explicitFileType = wrapper.application; includeInIndex = 0; path = SwipeMatchFirestore.app; sourceTree = BUILT_PRODUCTS_DIR; };
		6FA00F522438BDFB00A5B2F1 /* AppDelegate.swift */ = {isa = PBXFileReference; lastKnownFileType = sourcecode.swift; path = AppDelegate.swift; sourceTree = "<group>"; };
		6FA00F542438BDFB00A5B2F1 /* SceneDelegate.swift */ = {isa = PBXFileReference; lastKnownFileType = sourcecode.swift; path = SceneDelegate.swift; sourceTree = "<group>"; };
		6FA00F562438BDFB00A5B2F1 /* HomeController.swift */ = {isa = PBXFileReference; lastKnownFileType = sourcecode.swift; path = HomeController.swift; sourceTree = "<group>"; };
		6FA00F592438BDFB00A5B2F1 /* Base */ = {isa = PBXFileReference; lastKnownFileType = file.storyboard; name = Base; path = Base.lproj/Main.storyboard; sourceTree = "<group>"; };
		6FA00F5E2438BDFC00A5B2F1 /* Base */ = {isa = PBXFileReference; lastKnownFileType = file.storyboard; name = Base; path = Base.lproj/LaunchScreen.storyboard; sourceTree = "<group>"; };
		6FA00F602438BDFC00A5B2F1 /* Info.plist */ = {isa = PBXFileReference; lastKnownFileType = text.plist.xml; path = Info.plist; sourceTree = "<group>"; };
		6FA00F672438C07A00A5B2F1 /* Extensions+UIView.swift */ = {isa = PBXFileReference; fileEncoding = 4; lastKnownFileType = sourcecode.swift; path = "Extensions+UIView.swift"; sourceTree = "<group>"; };
		6FA00F6A243A115F00A5B2F1 /* HomeBottomControlsStackView.swift */ = {isa = PBXFileReference; lastKnownFileType = sourcecode.swift; path = HomeBottomControlsStackView.swift; sourceTree = "<group>"; };
		6FA00F6C243A163700A5B2F1 /* TopNavigationStackView.swift */ = {isa = PBXFileReference; lastKnownFileType = sourcecode.swift; path = TopNavigationStackView.swift; sourceTree = "<group>"; };
		6FA00F6E243A454A00A5B2F1 /* CardView.swift */ = {isa = PBXFileReference; lastKnownFileType = sourcecode.swift; path = CardView.swift; sourceTree = "<group>"; };
		6FA00F71243B5C9C00A5B2F1 /* User.swift */ = {isa = PBXFileReference; lastKnownFileType = sourcecode.swift; path = User.swift; sourceTree = "<group>"; };
		6FA00F75243B858600A5B2F1 /* CardViewModel.swift */ = {isa = PBXFileReference; lastKnownFileType = sourcecode.swift; path = CardViewModel.swift; sourceTree = "<group>"; };
		6FA00F77243B94F400A5B2F1 /* Advertiser.swift */ = {isa = PBXFileReference; lastKnownFileType = sourcecode.swift; path = Advertiser.swift; sourceTree = "<group>"; };
		6FA00F79243B979400A5B2F1 /* Assets.xcassets.xcassets */ = {isa = PBXFileReference; lastKnownFileType = folder.assetcatalog; path = Assets.xcassets.xcassets; sourceTree = "<group>"; };
		6FA00F7B243CDCEF00A5B2F1 /* RegistrationController.swift */ = {isa = PBXFileReference; lastKnownFileType = sourcecode.swift; path = RegistrationController.swift; sourceTree = "<group>"; };
		8A80F49EFBA6C3FF2E3DE384 /* Pods_SwipeMatchFirestore.framework */ = {isa = PBXFileReference; explicitFileType = wrapper.framework; includeInIndex = 0; path = Pods_SwipeMatchFirestore.framework; sourceTree = BUILT_PRODUCTS_DIR; };
		B9BF123E8DEB97FD6E7A8303 /* Pods-SwipeMatchFirestore.release.xcconfig */ = {isa = PBXFileReference; includeInIndex = 1; lastKnownFileType = text.xcconfig; name = "Pods-SwipeMatchFirestore.release.xcconfig"; path = "Target Support Files/Pods-SwipeMatchFirestore/Pods-SwipeMatchFirestore.release.xcconfig"; sourceTree = "<group>"; };
/* End PBXFileReference section */

/* Begin PBXFrameworksBuildPhase section */
		6FA00F4C2438BDFA00A5B2F1 /* Frameworks */ = {
			isa = PBXFrameworksBuildPhase;
			buildActionMask = 2147483647;
			files = (
				094E97D55C43CCEF701D55B0 /* Pods_SwipeMatchFirestore.framework in Frameworks */,
			);
			runOnlyForDeploymentPostprocessing = 0;
		};
/* End PBXFrameworksBuildPhase section */

/* Begin PBXGroup section */
		648B3CEF15C88543F477C6B1 /* Pods */ = {
			isa = PBXGroup;
			children = (
				09C0D920BE04D02298129312 /* Pods-SwipeMatchFirestore.debug.xcconfig */,
				B9BF123E8DEB97FD6E7A8303 /* Pods-SwipeMatchFirestore.release.xcconfig */,
			);
			path = Pods;
			sourceTree = "<group>";
		};
		6FA00F462438BDFA00A5B2F1 = {
			isa = PBXGroup;
			children = (
				6FA00F512438BDFB00A5B2F1 /* SwipeMatchFirestore */,
				6FA00F502438BDFB00A5B2F1 /* Products */,
				648B3CEF15C88543F477C6B1 /* Pods */,
				ED858A0016E4954C4FC7B79C /* Frameworks */,
			);
			sourceTree = "<group>";
		};
		6FA00F502438BDFB00A5B2F1 /* Products */ = {
			isa = PBXGroup;
			children = (
				6FA00F4F2438BDFB00A5B2F1 /* SwipeMatchFirestore.app */,
			);
			name = Products;
			sourceTree = "<group>";
		};
		6FA00F512438BDFB00A5B2F1 /* SwipeMatchFirestore */ = {
			isa = PBXGroup;
			children = (
				6FA00F522438BDFB00A5B2F1 /* AppDelegate.swift */,
				6FA00F542438BDFB00A5B2F1 /* SceneDelegate.swift */,
				6FA00F662438C00900A5B2F1 /* Extensions+Utilities */,
				6FA00F70243B5C8A00A5B2F1 /* Model */,
				6FA00F74243B856500A5B2F1 /* ViewModels */,
				6FA00F69243A112300A5B2F1 /* Views */,
				6FA00F73243B84B700A5B2F1 /* Controllers */,
				6FA00F582438BDFB00A5B2F1 /* Main.storyboard */,
				6FA00F5D2438BDFC00A5B2F1 /* LaunchScreen.storyboard */,
				6FA00F79243B979400A5B2F1 /* Assets.xcassets.xcassets */,
				6FA00F602438BDFC00A5B2F1 /* Info.plist */,
				6F4CA498243E1F5000A54EFC /* GoogleService-Info.plist */,
			);
			path = SwipeMatchFirestore;
			sourceTree = "<group>";
		};
		6FA00F662438C00900A5B2F1 /* Extensions+Utilities */ = {
			isa = PBXGroup;
			children = (
				6FA00F672438C07A00A5B2F1 /* Extensions+UIView.swift */,
				6F4CA4A22444BD5900A54EFC /* FirebaseUtilities.swift */,
				6F15140D243CE3A900261221 /* CustomTextField.swift */,
			);
			path = "Extensions+Utilities";
			sourceTree = "<group>";
		};
		6FA00F69243A112300A5B2F1 /* Views */ = {
			isa = PBXGroup;
			children = (
				6FA00F6A243A115F00A5B2F1 /* HomeBottomControlsStackView.swift */,
				6FA00F6C243A163700A5B2F1 /* TopNavigationStackView.swift */,
				6FA00F6E243A454A00A5B2F1 /* CardView.swift */,
				6F4CA49E243FA04200A54EFC /* SettingsCell.swift */,
				6F4CA4A024447A2D00A54EFC /* AgeRangeCell.swift */,
			);
			path = Views;
			sourceTree = "<group>";
		};
		6FA00F70243B5C8A00A5B2F1 /* Model */ = {
			isa = PBXGroup;
			children = (
				6FA00F71243B5C9C00A5B2F1 /* User.swift */,
				6FA00F77243B94F400A5B2F1 /* Advertiser.swift */,
			);
			path = Model;
			sourceTree = "<group>";
		};
		6FA00F73243B84B700A5B2F1 /* Controllers */ = {
			isa = PBXGroup;
			children = (
				6FA00F562438BDFB00A5B2F1 /* HomeController.swift */,
				6FA00F7B243CDCEF00A5B2F1 /* RegistrationController.swift */,
				6F4CA4A42444C58100A54EFC /* LoginController.swift */,
				6F4CA49C243F8ED100A54EFC /* SettingsController.swift */,
				6F526DA524461801001891CE /* UserDetailsController.swift */,
				6F526DA724488A46001891CE /* SwipingPhotosController.swift */,
			);
			path = Controllers;
			sourceTree = "<group>";
		};
		6FA00F74243B856500A5B2F1 /* ViewModels */ = {
			isa = PBXGroup;
			children = (
				6FA00F75243B858600A5B2F1 /* CardViewModel.swift */,
				6F15140F243E011C00261221 /* RegistrationViewModel.swift */,
				6F4CA4A62444C59000A54EFC /* LoginViewModel.swift */,
				6F4CA49A243E28F400A54EFC /* Bindable.swift */,
			);
			path = ViewModels;
			sourceTree = "<group>";
		};
		ED858A0016E4954C4FC7B79C /* Frameworks */ = {
			isa = PBXGroup;
			children = (
				8A80F49EFBA6C3FF2E3DE384 /* Pods_SwipeMatchFirestore.framework */,
			);
			name = Frameworks;
			sourceTree = "<group>";
		};
/* End PBXGroup section */

/* Begin PBXNativeTarget section */
		6FA00F4E2438BDFA00A5B2F1 /* SwipeMatchFirestore */ = {
			isa = PBXNativeTarget;
			buildConfigurationList = 6FA00F632438BDFC00A5B2F1 /* Build configuration list for PBXNativeTarget "SwipeMatchFirestore" */;
			buildPhases = (
				E10ED6B66ED7853CEEC63DAF /* [CP] Check Pods Manifest.lock */,
				6FA00F4B2438BDFA00A5B2F1 /* Sources */,
				6FA00F4C2438BDFA00A5B2F1 /* Frameworks */,
				6FA00F4D2438BDFA00A5B2F1 /* Resources */,
				8672E23A7EE7EF008DA36478 /* [CP] Embed Pods Frameworks */,
			);
			buildRules = (
			);
			dependencies = (
			);
			name = SwipeMatchFirestore;
			productName = SwipeMatchFirestore;
			productReference = 6FA00F4F2438BDFB00A5B2F1 /* SwipeMatchFirestore.app */;
			productType = "com.apple.product-type.application";
		};
/* End PBXNativeTarget section */

/* Begin PBXProject section */
		6FA00F472438BDFA00A5B2F1 /* Project object */ = {
			isa = PBXProject;
			attributes = {
				LastSwiftUpdateCheck = 1130;
				LastUpgradeCheck = 1130;
				ORGANIZATIONNAME = "Mohammed Hamdi";
				TargetAttributes = {
					6FA00F4E2438BDFA00A5B2F1 = {
						CreatedOnToolsVersion = 11.3.1;
					};
				};
			};
			buildConfigurationList = 6FA00F4A2438BDFA00A5B2F1 /* Build configuration list for PBXProject "SwipeMatchFirestore" */;
			compatibilityVersion = "Xcode 9.3";
			developmentRegion = en;
			hasScannedForEncodings = 0;
			knownRegions = (
				en,
				Base,
			);
			mainGroup = 6FA00F462438BDFA00A5B2F1;
			productRefGroup = 6FA00F502438BDFB00A5B2F1 /* Products */;
			projectDirPath = "";
			projectRoot = "";
			targets = (
				6FA00F4E2438BDFA00A5B2F1 /* SwipeMatchFirestore */,
			);
		};
/* End PBXProject section */

/* Begin PBXResourcesBuildPhase section */
		6FA00F4D2438BDFA00A5B2F1 /* Resources */ = {
			isa = PBXResourcesBuildPhase;
			buildActionMask = 2147483647;
			files = (
				6FA00F5F2438BDFC00A5B2F1 /* LaunchScreen.storyboard in Resources */,
				6F4CA499243E1F5000A54EFC /* GoogleService-Info.plist in Resources */,
				6FA00F5A2438BDFB00A5B2F1 /* Main.storyboard in Resources */,
				6FA00F7A243B979400A5B2F1 /* Assets.xcassets.xcassets in Resources */,
			);
			runOnlyForDeploymentPostprocessing = 0;
		};
/* End PBXResourcesBuildPhase section */

/* Begin PBXShellScriptBuildPhase section */
		8672E23A7EE7EF008DA36478 /* [CP] Embed Pods Frameworks */ = {
			isa = PBXShellScriptBuildPhase;
			buildActionMask = 2147483647;
			files = (
			);
			inputFileListPaths = (
				"${PODS_ROOT}/Target Support Files/Pods-SwipeMatchFirestore/Pods-SwipeMatchFirestore-frameworks-${CONFIGURATION}-input-files.xcfilelist",
			);
			name = "[CP] Embed Pods Frameworks";
			outputFileListPaths = (
				"${PODS_ROOT}/Target Support Files/Pods-SwipeMatchFirestore/Pods-SwipeMatchFirestore-frameworks-${CONFIGURATION}-output-files.xcfilelist",
			);
			runOnlyForDeploymentPostprocessing = 0;
			shellPath = /bin/sh;
			shellScript = "\"${PODS_ROOT}/Target Support Files/Pods-SwipeMatchFirestore/Pods-SwipeMatchFirestore-frameworks.sh\"\n";
			showEnvVarsInLog = 0;
		};
		E10ED6B66ED7853CEEC63DAF /* [CP] Check Pods Manifest.lock */ = {
			isa = PBXShellScriptBuildPhase;
			buildActionMask = 2147483647;
			files = (
			);
			inputFileListPaths = (
			);
			inputPaths = (
				"${PODS_PODFILE_DIR_PATH}/Podfile.lock",
				"${PODS_ROOT}/Manifest.lock",
			);
			name = "[CP] Check Pods Manifest.lock";
			outputFileListPaths = (
			);
			outputPaths = (
				"$(DERIVED_FILE_DIR)/Pods-SwipeMatchFirestore-checkManifestLockResult.txt",
			);
			runOnlyForDeploymentPostprocessing = 0;
			shellPath = /bin/sh;
			shellScript = "diff \"${PODS_PODFILE_DIR_PATH}/Podfile.lock\" \"${PODS_ROOT}/Manifest.lock\" > /dev/null\nif [ $? != 0 ] ; then\n    # print error to STDERR\n    echo \"error: The sandbox is not in sync with the Podfile.lock. Run 'pod install' or update your CocoaPods installation.\" >&2\n    exit 1\nfi\n# This output is used by Xcode 'outputs' to avoid re-running this script phase.\necho \"SUCCESS\" > \"${SCRIPT_OUTPUT_FILE_0}\"\n";
			showEnvVarsInLog = 0;
		};
/* End PBXShellScriptBuildPhase section */

/* Begin PBXSourcesBuildPhase section */
		6FA00F4B2438BDFA00A5B2F1 /* Sources */ = {
			isa = PBXSourcesBuildPhase;
			buildActionMask = 2147483647;
			files = (
				6F4CA4A52444C58100A54EFC /* LoginController.swift in Sources */,
				6FA00F78243B94F400A5B2F1 /* Advertiser.swift in Sources */,
				6F151410243E011C00261221 /* RegistrationViewModel.swift in Sources */,
				6FA00F6F243A454A00A5B2F1 /* CardView.swift in Sources */,
				6FA00F572438BDFB00A5B2F1 /* HomeController.swift in Sources */,
				6FA00F532438BDFB00A5B2F1 /* AppDelegate.swift in Sources */,
				6F4CA4A124447A2D00A54EFC /* AgeRangeCell.swift in Sources */,
				6F526DA624461801001891CE /* UserDetailsController.swift in Sources */,
				6FA00F6B243A115F00A5B2F1 /* HomeBottomControlsStackView.swift in Sources */,
				6F4CA4A72444C59000A54EFC /* LoginViewModel.swift in Sources */,
				6F4CA4A32444BD5900A54EFC /* FirebaseUtilities.swift in Sources */,
				6F4CA49D243F8ED100A54EFC /* SettingsController.swift in Sources */,
				6FA00F7C243CDCEF00A5B2F1 /* RegistrationController.swift in Sources */,
				6FA00F72243B5C9C00A5B2F1 /* User.swift in Sources */,
				6F4CA49B243E28F400A54EFC /* Bindable.swift in Sources */,
				6FA00F6D243A163700A5B2F1 /* TopNavigationStackView.swift in Sources */,
				6F15140E243CE3A900261221 /* CustomTextField.swift in Sources */,
				6FA00F682438C07A00A5B2F1 /* Extensions+UIView.swift in Sources */,
				6FA00F552438BDFB00A5B2F1 /* SceneDelegate.swift in Sources */,
				6F4CA49F243FA04200A54EFC /* SettingsCell.swift in Sources */,
				6F526DA824488A46001891CE /* SwipingPhotosController.swift in Sources */,
				6FA00F76243B858600A5B2F1 /* CardViewModel.swift in Sources */,
			);
			runOnlyForDeploymentPostprocessing = 0;
		};
/* End PBXSourcesBuildPhase section */

/* Begin PBXVariantGroup section */
		6FA00F582438BDFB00A5B2F1 /* Main.storyboard */ = {
			isa = PBXVariantGroup;
			children = (
				6FA00F592438BDFB00A5B2F1 /* Base */,
			);
			name = Main.storyboard;
			sourceTree = "<group>";
		};
		6FA00F5D2438BDFC00A5B2F1 /* LaunchScreen.storyboard */ = {
			isa = PBXVariantGroup;
			children = (
				6FA00F5E2438BDFC00A5B2F1 /* Base */,
			);
			name = LaunchScreen.storyboard;
			sourceTree = "<group>";
		};
/* End PBXVariantGroup section */

/* Begin XCBuildConfiguration section */
		6FA00F612438BDFC00A5B2F1 /* Debug */ = {
			isa = XCBuildConfiguration;
			buildSettings = {
				ALWAYS_SEARCH_USER_PATHS = NO;
				CLANG_ANALYZER_NONNULL = YES;
				CLANG_ANALYZER_NUMBER_OBJECT_CONVERSION = YES_AGGRESSIVE;
				CLANG_CXX_LANGUAGE_STANDARD = "gnu++14";
				CLANG_CXX_LIBRARY = "libc++";
				CLANG_ENABLE_MODULES = YES;
				CLANG_ENABLE_OBJC_ARC = YES;
				CLANG_ENABLE_OBJC_WEAK = YES;
				CLANG_WARN_BLOCK_CAPTURE_AUTORELEASING = YES;
				CLANG_WARN_BOOL_CONVERSION = YES;
				CLANG_WARN_COMMA = YES;
				CLANG_WARN_CONSTANT_CONVERSION = YES;
				CLANG_WARN_DEPRECATED_OBJC_IMPLEMENTATIONS = YES;
				CLANG_WARN_DIRECT_OBJC_ISA_USAGE = YES_ERROR;
				CLANG_WARN_DOCUMENTATION_COMMENTS = YES;
				CLANG_WARN_EMPTY_BODY = YES;
				CLANG_WARN_ENUM_CONVERSION = YES;
				CLANG_WARN_INFINITE_RECURSION = YES;
				CLANG_WARN_INT_CONVERSION = YES;
				CLANG_WARN_NON_LITERAL_NULL_CONVERSION = YES;
				CLANG_WARN_OBJC_IMPLICIT_RETAIN_SELF = YES;
				CLANG_WARN_OBJC_LITERAL_CONVERSION = YES;
				CLANG_WARN_OBJC_ROOT_CLASS = YES_ERROR;
				CLANG_WARN_RANGE_LOOP_ANALYSIS = YES;
				CLANG_WARN_STRICT_PROTOTYPES = YES;
				CLANG_WARN_SUSPICIOUS_MOVE = YES;
				CLANG_WARN_UNGUARDED_AVAILABILITY = YES_AGGRESSIVE;
				CLANG_WARN_UNREACHABLE_CODE = YES;
				CLANG_WARN__DUPLICATE_METHOD_MATCH = YES;
				COPY_PHASE_STRIP = NO;
				DEBUG_INFORMATION_FORMAT = dwarf;
				ENABLE_STRICT_OBJC_MSGSEND = YES;
				ENABLE_TESTABILITY = YES;
				GCC_C_LANGUAGE_STANDARD = gnu11;
				GCC_DYNAMIC_NO_PIC = NO;
				GCC_NO_COMMON_BLOCKS = YES;
				GCC_OPTIMIZATION_LEVEL = 0;
				GCC_PREPROCESSOR_DEFINITIONS = (
					"DEBUG=1",
					"$(inherited)",
				);
				GCC_WARN_64_TO_32_BIT_CONVERSION = YES;
				GCC_WARN_ABOUT_RETURN_TYPE = YES_ERROR;
				GCC_WARN_UNDECLARED_SELECTOR = YES;
				GCC_WARN_UNINITIALIZED_AUTOS = YES_AGGRESSIVE;
				GCC_WARN_UNUSED_FUNCTION = YES;
				GCC_WARN_UNUSED_VARIABLE = YES;
				IPHONEOS_DEPLOYMENT_TARGET = 13.2;
				MTL_ENABLE_DEBUG_INFO = INCLUDE_SOURCE;
				MTL_FAST_MATH = YES;
				ONLY_ACTIVE_ARCH = YES;
				SDKROOT = iphoneos;
				SWIFT_ACTIVE_COMPILATION_CONDITIONS = DEBUG;
				SWIFT_OPTIMIZATION_LEVEL = "-Onone";
			};
			name = Debug;
		};
		6FA00F622438BDFC00A5B2F1 /* Release */ = {
			isa = XCBuildConfiguration;
			buildSettings = {
				ALWAYS_SEARCH_USER_PATHS = NO;
				CLANG_ANALYZER_NONNULL = YES;
				CLANG_ANALYZER_NUMBER_OBJECT_CONVERSION = YES_AGGRESSIVE;
				CLANG_CXX_LANGUAGE_STANDARD = "gnu++14";
				CLANG_CXX_LIBRARY = "libc++";
				CLANG_ENABLE_MODULES = YES;
				CLANG_ENABLE_OBJC_ARC = YES;
				CLANG_ENABLE_OBJC_WEAK = YES;
				CLANG_WARN_BLOCK_CAPTURE_AUTORELEASING = YES;
				CLANG_WARN_BOOL_CONVERSION = YES;
				CLANG_WARN_COMMA = YES;
				CLANG_WARN_CONSTANT_CONVERSION = YES;
				CLANG_WARN_DEPRECATED_OBJC_IMPLEMENTATIONS = YES;
				CLANG_WARN_DIRECT_OBJC_ISA_USAGE = YES_ERROR;
				CLANG_WARN_DOCUMENTATION_COMMENTS = YES;
				CLANG_WARN_EMPTY_BODY = YES;
				CLANG_WARN_ENUM_CONVERSION = YES;
				CLANG_WARN_INFINITE_RECURSION = YES;
				CLANG_WARN_INT_CONVERSION = YES;
				CLANG_WARN_NON_LITERAL_NULL_CONVERSION = YES;
				CLANG_WARN_OBJC_IMPLICIT_RETAIN_SELF = YES;
				CLANG_WARN_OBJC_LITERAL_CONVERSION = YES;
				CLANG_WARN_OBJC_ROOT_CLASS = YES_ERROR;
				CLANG_WARN_RANGE_LOOP_ANALYSIS = YES;
				CLANG_WARN_STRICT_PROTOTYPES = YES;
				CLANG_WARN_SUSPICIOUS_MOVE = YES;
				CLANG_WARN_UNGUARDED_AVAILABILITY = YES_AGGRESSIVE;
				CLANG_WARN_UNREACHABLE_CODE = YES;
				CLANG_WARN__DUPLICATE_METHOD_MATCH = YES;
				COPY_PHASE_STRIP = NO;
				DEBUG_INFORMATION_FORMAT = "dwarf-with-dsym";
				ENABLE_NS_ASSERTIONS = NO;
				ENABLE_STRICT_OBJC_MSGSEND = YES;
				GCC_C_LANGUAGE_STANDARD = gnu11;
				GCC_NO_COMMON_BLOCKS = YES;
				GCC_WARN_64_TO_32_BIT_CONVERSION = YES;
				GCC_WARN_ABOUT_RETURN_TYPE = YES_ERROR;
				GCC_WARN_UNDECLARED_SELECTOR = YES;
				GCC_WARN_UNINITIALIZED_AUTOS = YES_AGGRESSIVE;
				GCC_WARN_UNUSED_FUNCTION = YES;
				GCC_WARN_UNUSED_VARIABLE = YES;
				IPHONEOS_DEPLOYMENT_TARGET = 13.2;
				MTL_ENABLE_DEBUG_INFO = NO;
				MTL_FAST_MATH = YES;
				SDKROOT = iphoneos;
				SWIFT_COMPILATION_MODE = wholemodule;
				SWIFT_OPTIMIZATION_LEVEL = "-O";
				VALIDATE_PRODUCT = YES;
			};
			name = Release;
		};
		6FA00F642438BDFC00A5B2F1 /* Debug */ = {
			isa = XCBuildConfiguration;
			baseConfigurationReference = 09C0D920BE04D02298129312 /* Pods-SwipeMatchFirestore.debug.xcconfig */;
			buildSettings = {
				ASSETCATALOG_COMPILER_APPICON_NAME = AppIcon;
				CODE_SIGN_STYLE = Automatic;
				DEVELOPMENT_TEAM = NXA9FH974Z;
				INFOPLIST_FILE = SwipeMatchFirestore/Info.plist;
				LD_RUNPATH_SEARCH_PATHS = (
					"$(inherited)",
					"@executable_path/Frameworks",
				);
				PRODUCT_BUNDLE_IDENTIFIER = com.MHAH.SwipeMatchFirestore;
				PRODUCT_NAME = "$(TARGET_NAME)";
				SWIFT_VERSION = 5.0;
				TARGETED_DEVICE_FAMILY = "1,2";
			};
			name = Debug;
		};
		6FA00F652438BDFC00A5B2F1 /* Release */ = {
			isa = XCBuildConfiguration;
			baseConfigurationReference = B9BF123E8DEB97FD6E7A8303 /* Pods-SwipeMatchFirestore.release.xcconfig */;
			buildSettings = {
				ASSETCATALOG_COMPILER_APPICON_NAME = AppIcon;
				CODE_SIGN_STYLE = Automatic;
				DEVELOPMENT_TEAM = NXA9FH974Z;
				INFOPLIST_FILE = SwipeMatchFirestore/Info.plist;
				LD_RUNPATH_SEARCH_PATHS = (
					"$(inherited)",
					"@executable_path/Frameworks",
				);
				PRODUCT_BUNDLE_IDENTIFIER = com.MHAH.SwipeMatchFirestore;
				PRODUCT_NAME = "$(TARGET_NAME)";
				SWIFT_VERSION = 5.0;
				TARGETED_DEVICE_FAMILY = "1,2";
			};
			name = Release;
		};
/* End XCBuildConfiguration section */

/* Begin XCConfigurationList section */
		6FA00F4A2438BDFA00A5B2F1 /* Build configuration list for PBXProject "SwipeMatchFirestore" */ = {
			isa = XCConfigurationList;
			buildConfigurations = (
				6FA00F612438BDFC00A5B2F1 /* Debug */,
				6FA00F622438BDFC00A5B2F1 /* Release */,
			);
			defaultConfigurationIsVisible = 0;
			defaultConfigurationName = Release;
		};
		6FA00F632438BDFC00A5B2F1 /* Build configuration list for PBXNativeTarget "SwipeMatchFirestore" */ = {
			isa = XCConfigurationList;
			buildConfigurations = (
				6FA00F642438BDFC00A5B2F1 /* Debug */,
				6FA00F652438BDFC00A5B2F1 /* Release */,
			);
			defaultConfigurationIsVisible = 0;
			defaultConfigurationName = Release;
		};
/* End XCConfigurationList section */
	};
	rootObject = 6FA00F472438BDFA00A5B2F1 /* Project object */;
}
